
Microsoft Visual Studio Solution File, Format Version 12.00
# Visual Studio Version 17
VisualStudioVersion = 17.5.33502.453
MinimumVisualStudioVersion = 10.0.40219.1
Project("{9A19103F-16F7-4668-BE54-9A1E7A4F7556}") = "OrchestrationService", "OrchestrationService\OrchestrationService.csproj", "{298054ED-BD5B-4ED0-B58A-76994C175C16}"
EndProject
Project("{9A19103F-16F7-4668-BE54-9A1E7A4F7556}") = "DataProcessingServer", "DataProcessingServer\DataProcessingServer.csproj", "{4FAFABC2-78F3-4B43-90D5-1F321B2598CD}"
EndProject
Project("{9A19103F-16F7-4668-BE54-9A1E7A4F7556}") = "Gateway", "Gateway\Gateway.csproj", "{C6BD0BC2-466B-498D-86E3-43AC45D9B7D5}"
EndProject
Project("{9A19103F-16F7-4668-BE54-9A1E7A4F7556}") = "RecommendationService", "RecommendationService\RecommendationService.csproj", "{743EA9E9-F71C-4E57-9F22-5B7B526D62C3}"
EndProject
Project("{9A19103F-16F7-4668-BE54-9A1E7A4F7556}") = "MLModel_WebApi1", "MLModel_WebApi1\MLModel_WebApi1.csproj", "{D4AB0397-2209-4CE1-88EF-05222DC92189}"
EndProject
Global
	GlobalSection(SolutionConfigurationPlatforms) = preSolution
		Debug|Any CPU = Debug|Any CPU
		Release|Any CPU = Release|Any CPU
	EndGlobalSection
	GlobalSection(ProjectConfigurationPlatforms) = postSolution
		{298054ED-BD5B-4ED0-B58A-76994C175C16}.Debug|Any CPU.ActiveCfg = Debug|Any CPU
		{298054ED-BD5B-4ED0-B58A-76994C175C16}.Debug|Any CPU.Build.0 = Debug|Any CPU
		{298054ED-BD5B-4ED0-B58A-76994C175C16}.Release|Any CPU.ActiveCfg = Release|Any CPU
		{298054ED-BD5B-4ED0-B58A-76994C175C16}.Release|Any CPU.Build.0 = Release|Any CPU
		{4FAFABC2-78F3-4B43-90D5-1F321B2598CD}.Debug|Any CPU.ActiveCfg = Debug|Any CPU
		{4FAFABC2-78F3-4B43-90D5-1F321B2598CD}.Debug|Any CPU.Build.0 = Debug|Any CPU
		{4FAFABC2-78F3-4B43-90D5-1F321B2598CD}.Release|Any CPU.ActiveCfg = Release|Any CPU
		{4FAFABC2-78F3-4B43-90D5-1F321B2598CD}.Release|Any CPU.Build.0 = Release|Any CPU
		{C6BD0BC2-466B-498D-86E3-43AC45D9B7D5}.Debug|Any CPU.ActiveCfg = Debug|Any CPU
		{C6BD0BC2-466B-498D-86E3-43AC45D9B7D5}.Debug|Any CPU.Build.0 = Debug|Any CPU
		{C6BD0BC2-466B-498D-86E3-43AC45D9B7D5}.Release|Any CPU.ActiveCfg = Release|Any CPU
		{C6BD0BC2-466B-498D-86E3-43AC45D9B7D5}.Release|Any CPU.Build.0 = Release|Any CPU
		{743EA9E9-F71C-4E57-9F22-5B7B526D62C3}.Debug|Any CPU.ActiveCfg = Debug|Any CPU
		{743EA9E9-F71C-4E57-9F22-5B7B526D62C3}.Debug|Any CPU.Build.0 = Debug|Any CPU
		{743EA9E9-F71C-4E57-9F22-5B7B526D62C3}.Release|Any CPU.ActiveCfg = Release|Any CPU
		{743EA9E9-F71C-4E57-9F22-5B7B526D62C3}.Release|Any CPU.Build.0 = Release|Any CPU
		{D4AB0397-2209-4CE1-88EF-05222DC92189}.Debug|Any CPU.ActiveCfg = Debug|Any CPU
		{D4AB0397-2209-4CE1-88EF-05222DC92189}.Debug|Any CPU.Build.0 = Debug|Any CPU
		{D4AB0397-2209-4CE1-88EF-05222DC92189}.Release|Any CPU.ActiveCfg = Release|Any CPU
		{D4AB0397-2209-4CE1-88EF-05222DC92189}.Release|Any CPU.Build.0 = Release|Any CPU
	EndGlobalSection
	GlobalSection(SolutionProperties) = preSolution
		HideSolutionNode = FALSE
	EndGlobalSection
	GlobalSection(ExtensibilityGlobals) = postSolution
		SolutionGuid = {C5E3E652-C065-4CF1-8349-17366B796925}
	EndGlobalSection
EndGlobal
